
Microsoft Visual Studio Solution File, Format Version 12.00
# Visual Studio Version 16
VisualStudioVersion = 16.0.31402.337
MinimumVisualStudioVersion = 10.0.40219.1
Project("{FAE04EC0-301F-11D3-BF4B-00C04F79EFBC}") = "Billing Software", "Billing Software\Billing Software.csproj", "{015116D1-24B5-4E99-ACF9-112B97C5B6BD}"
EndProject
Global
	GlobalSection(SolutionConfigurationPlatforms) = preSolution
		Debug|Any CPU = Debug|Any CPU
		Release|Any CPU = Release|Any CPU
	EndGlobalSection
	GlobalSection(ProjectConfigurationPlatforms) = postSolution
		{015116D1-24B5-4E99-ACF9-112B97C5B6BD}.Debug|Any CPU.ActiveCfg = Debug|Any CPU
		{015116D1-24B5-4E99-ACF9-112B97C5B6BD}.Debug|Any CPU.Build.0 = Debug|Any CPU
		{015116D1-24B5-4E99-ACF9-112B97C5B6BD}.Release|Any CPU.ActiveCfg = Release|Any CPU
		{015116D1-24B5-4E99-ACF9-112B97C5B6BD}.Release|Any CPU.Build.0 = Release|Any CPU
	EndGlobalSection
	GlobalSection(SolutionProperties) = preSolution
		HideSolutionNode = FALSE
	EndGlobalSection
	GlobalSection(ExtensibilityGlobals) = postSolution
		SolutionGuid = {E8DCC06B-57C2-4282-A797-8A5B89CD3D03}
	EndGlobalSection
EndGlobal
